# This file is automatically @generated by Cargo.
# It is not intended for manual editing.
version = 3

[[package]]
name = "autocfg"
version = "1.1.0"
source = "registry+https://github.com/rust-lang/crates.io-index"
checksum = "d468802bab17cbc0cc575e9b053f41e72aa36bfa6b7f55e3529ffa43161b97fa"

[[package]]
name = "data-buffer"
version = "0.8.0"
source = "registry+https://github.com/rust-lang/crates.io-index"
checksum = "2bf536c3e706c4665b6643888d4f32201e05c09071b365f2180df465a02f8063"
dependencies = [
 "reinterpret",
]

[[package]]
name = "libc"
version = "0.2.123"
source = "registry+https://github.com/rust-lang/crates.io-index"
checksum = "cb691a747a7ab48abc15c5b42066eaafde10dc427e3b6ee2a1cf43db04c763bd"

[[package]]
name = "modellib"
version = "0.1.1"
source = "git+https://github.com/Sinfaen/rsis-app-interface#18511218a66a230577486dc7a027eef914db646f"
dependencies = [
 "data-buffer",
 "libc",
 "num-complex",
]

[[package]]
name = "num-complex"
version = "0.4.0"
source = "registry+https://github.com/rust-lang/crates.io-index"
checksum = "26873667bbbb7c5182d4a37c1add32cdf09f841af72da53318fdb81543c15085"
dependencies = [
 "num-traits",
]

[[package]]
name = "num-traits"
version = "0.2.14"
source = "registry+https://github.com/rust-lang/crates.io-index"
checksum = "9a64b1ec5cda2586e284722486d802acf1f7dbdc623e2bfc57e65ca1cd099290"
dependencies = [
 "autocfg",
]

[[package]]
name = "reinterpret"
version = "0.2.1"
source = "registry+https://github.com/rust-lang/crates.io-index"
checksum = "318d0078beaf244bfa5dcd06174634339e41f3d21650ffcf70f4194d8852921a"

[[package]]
name = "rsis"
version = "0.2.1"
dependencies = [
 "data-buffer",
 "libc",
 "modellib",
]
